
Microsoft Visual Studio Solution File, Format Version 12.00
# Visual Studio Version 17
VisualStudioVersion = 17.11.35222.181
MinimumVisualStudioVersion = 10.0.40219.1
Project("{8BC9CEB8-8B4A-11D0-8D11-00A0C91BC942}") = "Overcoat", "Overcoat\Overcoat.vcxproj", "{E77F2F36-3F6A-49B3-B9C3-D87D3A4AB40D}"
EndProject
Global
	GlobalSection(SolutionConfigurationPlatforms) = preSolution
		Debug|x64 = Debug|x64
		Debug|x86 = Debug|x86
		Release|x64 = Release|x64
		Release|x86 = Release|x86
	EndGlobalSection
	GlobalSection(ProjectConfigurationPlatforms) = postSolution
		{E77F2F36-3F6A-49B3-B9C3-D87D3A4AB40D}.Debug|x64.ActiveCfg = Debug|x64
		{E77F2F36-3F6A-49B3-B9C3-D87D3A4AB40D}.Debug|x64.Build.0 = Debug|x64
		{E77F2F36-3F6A-49B3-B9C3-D87D3A4AB40D}.Debug|x86.ActiveCfg = Debug|Win32
		{E77F2F36-3F6A-49B3-B9C3-D87D3A4AB40D}.Debug|x86.Build.0 = Debug|Win32
		{E77F2F36-3F6A-49B3-B9C3-D87D3A4AB40D}.Release|x64.ActiveCfg = Release|x64
		{E77F2F36-3F6A-49B3-B9C3-D87D3A4AB40D}.Release|x64.Build.0 = Release|x64
		{E77F2F36-3F6A-49B3-B9C3-D87D3A4AB40D}.Release|x86.ActiveCfg = Release|Win32
		{E77F2F36-3F6A-49B3-B9C3-D87D3A4AB40D}.Release|x86.Build.0 = Release|Win32
	EndGlobalSection
	GlobalSection(SolutionProperties) = preSolution
		HideSolutionNode = FALSE
	EndGlobalSection
	GlobalSection(ExtensibilityGlobals) = postSolution
		SolutionGuid = {3DC675E3-1598-446C-815E-AAE7C92B8CBC}
	EndGlobalSection
EndGlobal
